{"1.2.0",
[{<<"certifi">>,{pkg,<<"certifi">>,<<"2.5.2">>},0},
 {<<"counters">>,{pkg,<<"counters">>,<<"0.2.1">>},1},
 {<<"ctx">>,{pkg,<<"ctx">>,<<"0.6.0">>},1},
 {<<"idna">>,{pkg,<<"idna">>,<<"6.0.1">>},0},
 {<<"metrics">>,{pkg,<<"metrics">>,<<"1.0.1">>},0},
 {<<"mimerl">>,{pkg,<<"mimerl">>,<<"1.2.0">>},0},
 {<<"opencensus">>,{pkg,<<"opencensus">>,<<"0.9.3">>},0},
 {<<"parse_trans">>,{pkg,<<"parse_trans">>,<<"3.3.0">>},0},
 {<<"ssl_verify_fun">>,{pkg,<<"ssl_verify_fun">>,<<"1.1.6">>},0},
 {<<"unicode_util_compat">>,{pkg,<<"unicode_util_compat">>,<<"0.5.0">>},1},
 {<<"wts">>,{pkg,<<"wts">>,<<"0.4.0">>},1}]}.
[
{pkg_hash,[
 {<<"certifi">>, <<"B7CFEAE9D2ED395695DD8201C57A2D019C0C43ECAF8B8BCB9320B40D6662F340">>},
 {<<"counters">>, <<"AA3D97E88F92573488987193D0F48EFCE0F3B2CD1443BF4EE760BC7F99322F0C">>},
 {<<"ctx">>, <<"8FF88B70E6400C4DF90142E7F130625B82086077A45364A78D208ED3ED53C7FE">>},
 {<<"idna">>, <<"1D038FB2E7668CE41FBF681D2C45902E52B3CB9E9C77B55334353B222C2EE50C">>},
 {<<"metrics">>, <<"25F094DEA2CDA98213CECC3AEFF09E940299D950904393B2A29D191C346A8486">>},
 {<<"mimerl">>, <<"67E2D3F571088D5CFD3E550C383094B47159F3EEE8FFA08E64106CDF5E981BE3">>},
 {<<"opencensus">>, <<"A7BB2771B40593F8513FC14EB70D822E88BEA1B2FB552E19A1E2E6F98371427A">>},
 {<<"parse_trans">>, <<"09765507A3C7590A784615CFD421D101AEC25098D50B89D7AA1D66646BC571C1">>},
 {<<"ssl_verify_fun">>, <<"CF344F5692C82D2CD7554F5EC8FD961548D4FD09E7D22F5B62482E5AEAEBD4B0">>},
 {<<"unicode_util_compat">>, <<"8516502659002CEC19E244EBD90D312183064BE95025A319A6C7E89F4BCCD65B">>},
 {<<"wts">>, <<"62D9DC400AD29F0D233F0665B9C75C8F8EB0A8AF75EEC921056BA4A73B0605A2">>}]},
{pkg_hash_ext,[
 {<<"certifi">>, <<"3B3B5F36493004AC3455966991EAF6E768CE9884693D9968055AEEEB1E575040">>},
 {<<"counters">>, <<"A020C714992F7DB89178D27E1F39909E5D77DA3B80DAA4D6015877ED0C94B8AB">>},
 {<<"ctx">>, <<"A14ED2D1B67723DBEBBE423B28D7615EB0BDCBA6FF28F2D1F1B0A7E1D4AA5FC2">>},
 {<<"idna">>, <<"A02C8A1C4FD601215BB0B0324C8A6986749F807CE35F25449EC9E69758708122">>},
 {<<"metrics">>, <<"69B09ADDDC4F74A40716AE54D140F93BEB0FB8978D8636EADED0C31B6F099F16">>},
 {<<"mimerl">>, <<"F278585650AA581986264638EBF698F8BB19DF297F66AD91B18910DFC6E19323">>},
 {<<"opencensus">>, <<"9495B4FA817F10A7CDF8B69CCA929470AEDA0633A04EA18CFF6A0A9EA03A03E9">>},
 {<<"parse_trans">>, <<"17EF63ABDE837AD30680EA7F857DD9E7CED9476CDD7B0394432AF4BFC241B960">>},
 {<<"ssl_verify_fun">>, <<"BDB0D2471F453C88FF3908E7686F86F9BE327D065CC1EC16FA4540197EA04680">>},
 {<<"unicode_util_compat">>, <<"D48D002E15F5CC105A696CF2F1BBB3FC72B4B770A184D8420C8DB20DA2674B38">>},
 {<<"wts">>, <<"711BB675DE2CE2B3EBAB80A613AC93B994F74DF44AF4CFF7970DC9EEBE724869">>}]}
].
