{"1.2.0",
[{<<"certifi">>,{pkg,<<"certifi">>,<<"2.5.3">>},0},
 {<<"counters">>,{pkg,<<"counters">>,<<"0.2.1">>},1},
 {<<"ctx">>,{pkg,<<"ctx">>,<<"0.6.0">>},1},
 {<<"idna">>,{pkg,<<"idna">>,<<"6.1.1">>},0},
 {<<"metrics">>,{pkg,<<"metrics">>,<<"1.0.1">>},0},
 {<<"mimerl">>,{pkg,<<"mimerl">>,<<"1.2.0">>},0},
 {<<"opencensus">>,{pkg,<<"opencensus">>,<<"0.9.3">>},0},
 {<<"parse_trans">>,{pkg,<<"parse_trans">>,<<"3.3.1">>},0},
 {<<"rebar_lock_deps_plugin">>,
  {git,"https://github.com/lukyanov/rebar-lock-deps.git",
       {ref,"58366997aaa3b9f0876b10c4421b64c2f73150cd"}},
  0},
 {<<"ssl_verify_fun">>,{pkg,<<"ssl_verify_fun">>,<<"1.1.6">>},0},
 {<<"unicode_util_compat">>,{pkg,<<"unicode_util_compat">>,<<"0.7.0">>},0},
 {<<"wts">>,{pkg,<<"wts">>,<<"0.4.0">>},1}]}.
[
{pkg_hash,[
 {<<"certifi">>, <<"70BDD7E7188C804F3A30EE0E7C99655BC35D8AC41C23E12325F36AB449B70651">>},
 {<<"counters">>, <<"AA3D97E88F92573488987193D0F48EFCE0F3B2CD1443BF4EE760BC7F99322F0C">>},
 {<<"ctx">>, <<"8FF88B70E6400C4DF90142E7F130625B82086077A45364A78D208ED3ED53C7FE">>},
 {<<"idna">>, <<"8A63070E9F7D0C62EB9D9FCB360A7DE382448200FBBD1B106CC96D3D8099DF8D">>},
 {<<"metrics">>, <<"25F094DEA2CDA98213CECC3AEFF09E940299D950904393B2A29D191C346A8486">>},
 {<<"mimerl">>, <<"67E2D3F571088D5CFD3E550C383094B47159F3EEE8FFA08E64106CDF5E981BE3">>},
 {<<"opencensus">>, <<"A7BB2771B40593F8513FC14EB70D822E88BEA1B2FB552E19A1E2E6F98371427A">>},
 {<<"parse_trans">>, <<"16328AB840CC09919BD10DAB29E431DA3AF9E9E7E7E6F0089DD5A2D2820011D8">>},
 {<<"ssl_verify_fun">>, <<"CF344F5692C82D2CD7554F5EC8FD961548D4FD09E7D22F5B62482E5AEAEBD4B0">>},
 {<<"unicode_util_compat">>, <<"BC84380C9AB48177092F43AC89E4DFA2C6D62B40B8BD132B1059ECC7232F9A78">>},
 {<<"wts">>, <<"62D9DC400AD29F0D233F0665B9C75C8F8EB0A8AF75EEC921056BA4A73B0605A2">>}]},
{pkg_hash_ext,[
 {<<"certifi">>, <<"ED516ACB3929B101208A9D700062D520F3953DA3B6B918D866106FFA980E1C10">>},
 {<<"counters">>, <<"A020C714992F7DB89178D27E1F39909E5D77DA3B80DAA4D6015877ED0C94B8AB">>},
 {<<"ctx">>, <<"A14ED2D1B67723DBEBBE423B28D7615EB0BDCBA6FF28F2D1F1B0A7E1D4AA5FC2">>},
 {<<"idna">>, <<"92376EB7894412ED19AC475E4A86F7B413C1B9FBB5BD16DCCD57934157944CEA">>},
 {<<"metrics">>, <<"69B09ADDDC4F74A40716AE54D140F93BEB0FB8978D8636EADED0C31B6F099F16">>},
 {<<"mimerl">>, <<"F278585650AA581986264638EBF698F8BB19DF297F66AD91B18910DFC6E19323">>},
 {<<"opencensus">>, <<"9495B4FA817F10A7CDF8B69CCA929470AEDA0633A04EA18CFF6A0A9EA03A03E9">>},
 {<<"parse_trans">>, <<"07CD9577885F56362D414E8C4C4E6BDF10D43A8767ABB92D24CBE8B24C54888B">>},
 {<<"ssl_verify_fun">>, <<"BDB0D2471F453C88FF3908E7686F86F9BE327D065CC1EC16FA4540197EA04680">>},
 {<<"unicode_util_compat">>, <<"25EEE6D67DF61960CF6A794239566599B09E17E668D3700247BC498638152521">>},
 {<<"wts">>, <<"711BB675DE2CE2B3EBAB80A613AC93B994F74DF44AF4CFF7970DC9EEBE724869">>}]}
].
